
Microsoft Visual Studio Solution File, Format Version 11.00
# Visual Studio 2010
Project("{FAE04EC0-301F-11D3-BF4B-00C04F79EFBC}") = "Necro0709", "Assembly-CSharp-firstpass.csproj", "{76591078-2662-43CF-019C-CDEB45EC048D}"
EndProject
Project("{FAE04EC0-301F-11D3-BF4B-00C04F79EFBC}") = "Necro0709", "Assembly-CSharp.csproj", "{339CE024-D2ED-3A7B-A275-2912FC8231E4}"
EndProject
Project("{FAE04EC0-301F-11D3-BF4B-00C04F79EFBC}") = "Necro0709", "Assembly-CSharp-Editor-firstpass.csproj", "{713C8AA5-EC9A-FABE-658C-DAFB0A7AB55C}"
EndProject
Project("{FAE04EC0-301F-11D3-BF4B-00C04F79EFBC}") = "Necro0709", "Assembly-CSharp-Editor.csproj", "{D5703A5D-8EF3-75E1-D24C-D07A7BB64D9D}"
EndProject
Global
	GlobalSection(SolutionConfigurationPlatforms) = preSolution
		Debug|Any CPU = Debug|Any CPU
		Release|Any CPU = Release|Any CPU
	EndGlobalSection
	GlobalSection(ProjectConfigurationPlatforms) = postSolution
		{76591078-2662-43CF-019C-CDEB45EC048D}.Debug|Any CPU.ActiveCfg = Debug|Any CPU
		{76591078-2662-43CF-019C-CDEB45EC048D}.Debug|Any CPU.Build.0 = Debug|Any CPU
		{76591078-2662-43CF-019C-CDEB45EC048D}.Release|Any CPU.ActiveCfg = Release|Any CPU
		{76591078-2662-43CF-019C-CDEB45EC048D}.Release|Any CPU.Build.0 = Release|Any CPU
		{339CE024-D2ED-3A7B-A275-2912FC8231E4}.Debug|Any CPU.ActiveCfg = Debug|Any CPU
		{339CE024-D2ED-3A7B-A275-2912FC8231E4}.Debug|Any CPU.Build.0 = Debug|Any CPU
		{339CE024-D2ED-3A7B-A275-2912FC8231E4}.Release|Any CPU.ActiveCfg = Release|Any CPU
		{339CE024-D2ED-3A7B-A275-2912FC8231E4}.Release|Any CPU.Build.0 = Release|Any CPU
		{713C8AA5-EC9A-FABE-658C-DAFB0A7AB55C}.Debug|Any CPU.ActiveCfg = Debug|Any CPU
		{713C8AA5-EC9A-FABE-658C-DAFB0A7AB55C}.Debug|Any CPU.Build.0 = Debug|Any CPU
		{713C8AA5-EC9A-FABE-658C-DAFB0A7AB55C}.Release|Any CPU.ActiveCfg = Release|Any CPU
		{713C8AA5-EC9A-FABE-658C-DAFB0A7AB55C}.Release|Any CPU.Build.0 = Release|Any CPU
		{D5703A5D-8EF3-75E1-D24C-D07A7BB64D9D}.Debug|Any CPU.ActiveCfg = Debug|Any CPU
		{D5703A5D-8EF3-75E1-D24C-D07A7BB64D9D}.Debug|Any CPU.Build.0 = Debug|Any CPU
		{D5703A5D-8EF3-75E1-D24C-D07A7BB64D9D}.Release|Any CPU.ActiveCfg = Release|Any CPU
		{D5703A5D-8EF3-75E1-D24C-D07A7BB64D9D}.Release|Any CPU.Build.0 = Release|Any CPU
	EndGlobalSection
	GlobalSection(SolutionProperties) = preSolution
		HideSolutionNode = FALSE
	EndGlobalSection
	GlobalSection(MonoDevelopProperties) = preSolution
		StartupItem = Assembly-CSharp.csproj
	EndGlobalSection
EndGlobal
